
Microsoft Visual Studio Solution File, Format Version 12.00
# Visual Studio 15
VisualStudioVersion = 15.0.27428.2005
MinimumVisualStudioVersion = 10.0.40219.1
Project("{FAE04EC0-301F-11D3-BF4B-00C04F79EFBC}") = "ShaderGraphResources", "GhShaderGraph\ShaderGraphResources.csproj", "{C98C53E7-E900-49CE-B730-C70495BCB18D}"
EndProject
Project("{F2A71F9B-5D33-465A-A702-920D77279786}") = "FsShaderGraphComponents", "FsShaderGraphComponents\FsShaderGraphComponents.fsproj", "{620E9896-6AA5-48AC-BC99-5312F52DC3EC}"
EndProject
Project("{F2A71F9B-5D33-465A-A702-920D77279786}") = "CyclesRenderer", "CyclesRenderer\CyclesRenderer.fsproj", "{351AF81F-39A5-4BD1-B0F7-BD915623A91B}"
EndProject
Project("{FAE04EC0-301F-11D3-BF4B-00C04F79EFBC}") = "ShaderGraphComponents", "ShaderGraphComponents\ShaderGraphComponents.csproj", "{CE8FB3B3-BEBC-4EB3-9252-B98DEDD4D786}"
EndProject
Global
	GlobalSection(SolutionConfigurationPlatforms) = preSolution
		Debug|Any CPU = Debug|Any CPU
		DebugRhino6|Any CPU = DebugRhino6|Any CPU
		DebugRhinoWIP|Any CPU = DebugRhinoWIP|Any CPU
		Release|Any CPU = Release|Any CPU
		ReleaseRhino6|Any CPU = ReleaseRhino6|Any CPU
		ReleaseRhinoWIP|Any CPU = ReleaseRhinoWIP|Any CPU
	EndGlobalSection
	GlobalSection(ProjectConfigurationPlatforms) = postSolution
		{C98C53E7-E900-49CE-B730-C70495BCB18D}.Debug|Any CPU.ActiveCfg = Debug|Any CPU
		{C98C53E7-E900-49CE-B730-C70495BCB18D}.Debug|Any CPU.Build.0 = Debug|Any CPU
		{C98C53E7-E900-49CE-B730-C70495BCB18D}.DebugRhino6|Any CPU.ActiveCfg = DebugRhino6|Any CPU
		{C98C53E7-E900-49CE-B730-C70495BCB18D}.DebugRhino6|Any CPU.Build.0 = DebugRhino6|Any CPU
		{C98C53E7-E900-49CE-B730-C70495BCB18D}.DebugRhinoWIP|Any CPU.ActiveCfg = DebugRhinoWIP|Any CPU
		{C98C53E7-E900-49CE-B730-C70495BCB18D}.DebugRhinoWIP|Any CPU.Build.0 = DebugRhinoWIP|Any CPU
		{C98C53E7-E900-49CE-B730-C70495BCB18D}.Release|Any CPU.ActiveCfg = Release|Any CPU
		{C98C53E7-E900-49CE-B730-C70495BCB18D}.Release|Any CPU.Build.0 = Release|Any CPU
		{C98C53E7-E900-49CE-B730-C70495BCB18D}.ReleaseRhino6|Any CPU.ActiveCfg = ReleaseRhino6|Any CPU
		{C98C53E7-E900-49CE-B730-C70495BCB18D}.ReleaseRhino6|Any CPU.Build.0 = ReleaseRhino6|Any CPU
		{C98C53E7-E900-49CE-B730-C70495BCB18D}.ReleaseRhinoWIP|Any CPU.ActiveCfg = ReleaseRhinoWIP|Any CPU
		{C98C53E7-E900-49CE-B730-C70495BCB18D}.ReleaseRhinoWIP|Any CPU.Build.0 = ReleaseRhinoWIP|Any CPU
		{620E9896-6AA5-48AC-BC99-5312F52DC3EC}.Debug|Any CPU.ActiveCfg = Debug|Any CPU
		{620E9896-6AA5-48AC-BC99-5312F52DC3EC}.DebugRhino6|Any CPU.ActiveCfg = DebugRhinoWIP|Any CPU
		{620E9896-6AA5-48AC-BC99-5312F52DC3EC}.DebugRhino6|Any CPU.Build.0 = DebugRhinoWIP|Any CPU
		{620E9896-6AA5-48AC-BC99-5312F52DC3EC}.DebugRhinoWIP|Any CPU.ActiveCfg = DebugRhinoWIP|Any CPU
		{620E9896-6AA5-48AC-BC99-5312F52DC3EC}.Release|Any CPU.ActiveCfg = Release|Any CPU
		{620E9896-6AA5-48AC-BC99-5312F52DC3EC}.ReleaseRhino6|Any CPU.ActiveCfg = ReleaseRhinoWIP|Any CPU
		{620E9896-6AA5-48AC-BC99-5312F52DC3EC}.ReleaseRhinoWIP|Any CPU.ActiveCfg = ReleaseRhinoWIP|Any CPU
		{351AF81F-39A5-4BD1-B0F7-BD915623A91B}.Debug|Any CPU.ActiveCfg = Release|Any CPU
		{351AF81F-39A5-4BD1-B0F7-BD915623A91B}.DebugRhino6|Any CPU.ActiveCfg = DebugRhinoWIP|Any CPU
		{351AF81F-39A5-4BD1-B0F7-BD915623A91B}.DebugRhinoWIP|Any CPU.ActiveCfg = DebugRhinoWIP|Any CPU
		{351AF81F-39A5-4BD1-B0F7-BD915623A91B}.Release|Any CPU.ActiveCfg = Release|Any CPU
		{351AF81F-39A5-4BD1-B0F7-BD915623A91B}.ReleaseRhino6|Any CPU.ActiveCfg = ReleaseRhinoWIP|Any CPU
		{351AF81F-39A5-4BD1-B0F7-BD915623A91B}.ReleaseRhinoWIP|Any CPU.ActiveCfg = ReleaseRhinoWIP|Any CPU
		{CE8FB3B3-BEBC-4EB3-9252-B98DEDD4D786}.Debug|Any CPU.ActiveCfg = Debug|Any CPU
		{CE8FB3B3-BEBC-4EB3-9252-B98DEDD4D786}.Debug|Any CPU.Build.0 = Debug|Any CPU
		{CE8FB3B3-BEBC-4EB3-9252-B98DEDD4D786}.DebugRhino6|Any CPU.ActiveCfg = DebugRhino6|Any CPU
		{CE8FB3B3-BEBC-4EB3-9252-B98DEDD4D786}.DebugRhino6|Any CPU.Build.0 = DebugRhino6|Any CPU
		{CE8FB3B3-BEBC-4EB3-9252-B98DEDD4D786}.DebugRhinoWIP|Any CPU.ActiveCfg = Debug|Any CPU
		{CE8FB3B3-BEBC-4EB3-9252-B98DEDD4D786}.DebugRhinoWIP|Any CPU.Build.0 = Debug|Any CPU
		{CE8FB3B3-BEBC-4EB3-9252-B98DEDD4D786}.Release|Any CPU.ActiveCfg = Release|Any CPU
		{CE8FB3B3-BEBC-4EB3-9252-B98DEDD4D786}.Release|Any CPU.Build.0 = Release|Any CPU
		{CE8FB3B3-BEBC-4EB3-9252-B98DEDD4D786}.ReleaseRhino6|Any CPU.ActiveCfg = ReleaseRhino6|Any CPU
		{CE8FB3B3-BEBC-4EB3-9252-B98DEDD4D786}.ReleaseRhino6|Any CPU.Build.0 = ReleaseRhino6|Any CPU
		{CE8FB3B3-BEBC-4EB3-9252-B98DEDD4D786}.ReleaseRhinoWIP|Any CPU.ActiveCfg = Release|Any CPU
		{CE8FB3B3-BEBC-4EB3-9252-B98DEDD4D786}.ReleaseRhinoWIP|Any CPU.Build.0 = Release|Any CPU
	EndGlobalSection
	GlobalSection(SolutionProperties) = preSolution
		HideSolutionNode = FALSE
	EndGlobalSection
	GlobalSection(ExtensibilityGlobals) = postSolution
		SolutionGuid = {E78CEAA3-394E-44FE-8737-64F8812F6791}
	EndGlobalSection
EndGlobal
